
Microsoft Visual Studio Solution File, Format Version 12.00
Project("{FAE04EC0-301F-11D3-BF4B-00C04F79EFBC}") = "TP1", "TP1\TP1.csproj", "{CF3EE2D1-7399-41D4-ACDB-E2D01AE4F36B}"
EndProject
Project("{FAE04EC0-301F-11D3-BF4B-00C04F79EFBC}") = "TestTP1", "TestTP1\TestTP1.csproj", "{1770AD1E-1DD7-4A1F-96EB-83C9BD8C6819}"
EndProject
Project("{FAE04EC0-301F-11D3-BF4B-00C04F79EFBC}") = "TestTP2", "TestTP2\TestTP2.csproj", "{AE0D45DB-7608-4150-937D-4D013F72491D}"
EndProject
Project("{FAE04EC0-301F-11D3-BF4B-00C04F79EFBC}") = "TP2", "TP2\TP2.csproj", "{F540A844-8D94-4E1C-9C2E-81549B70E8BC}"
EndProject
Project("{FAE04EC0-301F-11D3-BF4B-00C04F79EFBC}") = "TP3", "TP3\TP3.csproj", "{641F14C2-3228-4DC8-B4D9-4B93501895EE}"
EndProject
Project("{FAE04EC0-301F-11D3-BF4B-00C04F79EFBC}") = "TestTP3", "TestTP3\TestTP3.csproj", "{4D73FEA4-CE68-4669-BF5F-20BA8951BAA4}"
EndProject
Project("{FAE04EC0-301F-11D3-BF4B-00C04F79EFBC}") = "TP4", "TP4\TP4.csproj", "{1D0E4459-3B23-4DCD-AA76-7C67EAB18B84}"
EndProject
Project("{FAE04EC0-301F-11D3-BF4B-00C04F79EFBC}") = "TestTP4", "TestTP4\TestTP4.csproj", "{938D48F2-9AB7-4ED3-8FD9-D2FAF8B59E93}"
EndProject
Global
	GlobalSection(SolutionConfigurationPlatforms) = preSolution
		Debug|Any CPU = Debug|Any CPU
		Release|Any CPU = Release|Any CPU
	EndGlobalSection
	GlobalSection(ProjectConfigurationPlatforms) = postSolution
		{CF3EE2D1-7399-41D4-ACDB-E2D01AE4F36B}.Debug|Any CPU.ActiveCfg = Debug|Any CPU
		{CF3EE2D1-7399-41D4-ACDB-E2D01AE4F36B}.Debug|Any CPU.Build.0 = Debug|Any CPU
		{CF3EE2D1-7399-41D4-ACDB-E2D01AE4F36B}.Release|Any CPU.ActiveCfg = Release|Any CPU
		{CF3EE2D1-7399-41D4-ACDB-E2D01AE4F36B}.Release|Any CPU.Build.0 = Release|Any CPU
		{1770AD1E-1DD7-4A1F-96EB-83C9BD8C6819}.Debug|Any CPU.ActiveCfg = Debug|Any CPU
		{1770AD1E-1DD7-4A1F-96EB-83C9BD8C6819}.Debug|Any CPU.Build.0 = Debug|Any CPU
		{1770AD1E-1DD7-4A1F-96EB-83C9BD8C6819}.Release|Any CPU.ActiveCfg = Release|Any CPU
		{1770AD1E-1DD7-4A1F-96EB-83C9BD8C6819}.Release|Any CPU.Build.0 = Release|Any CPU
		{AE0D45DB-7608-4150-937D-4D013F72491D}.Debug|Any CPU.ActiveCfg = Debug|Any CPU
		{AE0D45DB-7608-4150-937D-4D013F72491D}.Debug|Any CPU.Build.0 = Debug|Any CPU
		{AE0D45DB-7608-4150-937D-4D013F72491D}.Release|Any CPU.ActiveCfg = Release|Any CPU
		{AE0D45DB-7608-4150-937D-4D013F72491D}.Release|Any CPU.Build.0 = Release|Any CPU
		{F540A844-8D94-4E1C-9C2E-81549B70E8BC}.Debug|Any CPU.ActiveCfg = Debug|Any CPU
		{F540A844-8D94-4E1C-9C2E-81549B70E8BC}.Debug|Any CPU.Build.0 = Debug|Any CPU
		{F540A844-8D94-4E1C-9C2E-81549B70E8BC}.Release|Any CPU.ActiveCfg = Release|Any CPU
		{F540A844-8D94-4E1C-9C2E-81549B70E8BC}.Release|Any CPU.Build.0 = Release|Any CPU
		{641F14C2-3228-4DC8-B4D9-4B93501895EE}.Debug|Any CPU.ActiveCfg = Debug|Any CPU
		{641F14C2-3228-4DC8-B4D9-4B93501895EE}.Debug|Any CPU.Build.0 = Debug|Any CPU
		{641F14C2-3228-4DC8-B4D9-4B93501895EE}.Release|Any CPU.ActiveCfg = Release|Any CPU
		{641F14C2-3228-4DC8-B4D9-4B93501895EE}.Release|Any CPU.Build.0 = Release|Any CPU
		{4D73FEA4-CE68-4669-BF5F-20BA8951BAA4}.Debug|Any CPU.ActiveCfg = Debug|Any CPU
		{4D73FEA4-CE68-4669-BF5F-20BA8951BAA4}.Debug|Any CPU.Build.0 = Debug|Any CPU
		{4D73FEA4-CE68-4669-BF5F-20BA8951BAA4}.Release|Any CPU.ActiveCfg = Release|Any CPU
		{4D73FEA4-CE68-4669-BF5F-20BA8951BAA4}.Release|Any CPU.Build.0 = Release|Any CPU
		{1D0E4459-3B23-4DCD-AA76-7C67EAB18B84}.Debug|Any CPU.ActiveCfg = Debug|Any CPU
		{1D0E4459-3B23-4DCD-AA76-7C67EAB18B84}.Debug|Any CPU.Build.0 = Debug|Any CPU
		{1D0E4459-3B23-4DCD-AA76-7C67EAB18B84}.Release|Any CPU.ActiveCfg = Release|Any CPU
		{1D0E4459-3B23-4DCD-AA76-7C67EAB18B84}.Release|Any CPU.Build.0 = Release|Any CPU
		{938D48F2-9AB7-4ED3-8FD9-D2FAF8B59E93}.Debug|Any CPU.ActiveCfg = Debug|Any CPU
		{938D48F2-9AB7-4ED3-8FD9-D2FAF8B59E93}.Debug|Any CPU.Build.0 = Debug|Any CPU
		{938D48F2-9AB7-4ED3-8FD9-D2FAF8B59E93}.Release|Any CPU.ActiveCfg = Release|Any CPU
		{938D48F2-9AB7-4ED3-8FD9-D2FAF8B59E93}.Release|Any CPU.Build.0 = Release|Any CPU
	EndGlobalSection
EndGlobal
